
Microsoft Visual Studio Solution File, Format Version 12.00
# Visual Studio Version 16
VisualStudioVersion = 16.0.31624.102
MinimumVisualStudioVersion = 10.0.40219.1
Project("{FAE04EC0-301F-11D3-BF4B-00C04F79EFBC}") = "RX.Training.WebAPI", "RX.Training.WebAPI\RX.Training.WebAPI.csproj", "{A463EE6B-FACE-4EA5-88A1-6494AFF5FA00}"
EndProject
Global
	GlobalSection(SolutionConfigurationPlatforms) = preSolution
		Debug|Any CPU = Debug|Any CPU
		Release|Any CPU = Release|Any CPU
	EndGlobalSection
	GlobalSection(ProjectConfigurationPlatforms) = postSolution
		{A463EE6B-FACE-4EA5-88A1-6494AFF5FA00}.Debug|Any CPU.ActiveCfg = Debug|Any CPU
		{A463EE6B-FACE-4EA5-88A1-6494AFF5FA00}.Debug|Any CPU.Build.0 = Debug|Any CPU
		{A463EE6B-FACE-4EA5-88A1-6494AFF5FA00}.Release|Any CPU.ActiveCfg = Release|Any CPU
		{A463EE6B-FACE-4EA5-88A1-6494AFF5FA00}.Release|Any CPU.Build.0 = Release|Any CPU
	EndGlobalSection
	GlobalSection(SolutionProperties) = preSolution
		HideSolutionNode = FALSE
	EndGlobalSection
	GlobalSection(ExtensibilityGlobals) = postSolution
		SolutionGuid = {FD55ADE3-9C50-4ABD-ACD6-FFA2864C8EDF}
	EndGlobalSection
EndGlobal
